// !$*UTF8*$!
{
	archiveVersion = 1;
	classes = {
	};
	objectVersion = 46;
	objects = {

/* Begin PBXBuildFile section */
		107960731C612531003DB6CC /* Main.storyboard in Resources */ = {isa = PBXBuildFile; fileRef = 107960711C612531003DB6CC /* Main.storyboard */; };
		10AF4CB31DD236DE0096D192 /* logo1024.png in Resources */ = {isa = PBXBuildFile; fileRef = 10AF4CAF1DD236DE0096D192 /* logo1024.png */; };
		10AF4CB41DD236DE0096D192 /* Bladefile in Resources */ = {isa = PBXBuildFile; fileRef = 10AF4CB01DD236DE0096D192 /* Bladefile */; };
		10AF4CB51DD236DE0096D192 /* Images.xcassets in Resources */ = {isa = PBXBuildFile; fileRef = 10AF4CB11DD236DE0096D192 /* Images.xcassets */; };
		10AF4CB61DD236DE0096D192 /* LaunchScreen.xib in Resources */ = {isa = PBXBuildFile; fileRef = 10AF4CB21DD236DE0096D192 /* LaunchScreen.xib */; };
		2C595F061B34B73A00355AE7 /* Constants.swift in Sources */ = {isa = PBXBuildFile; fileRef = 2C595F041B34B73A00355AE7 /* Constants.swift */; };
		2C8E6C2B1B16875B0073CE3D /* SignInViewController.swift in Sources */ = {isa = PBXBuildFile; fileRef = 2C8E6C2A1B16875B0073CE3D /* SignInViewController.swift */; };
		2CA807BC1B21702E009AD7F2 /* MeasurementHelper.swift in Sources */ = {isa = PBXBuildFile; fileRef = 2CA807BB1B21702E009AD7F2 /* MeasurementHelper.swift */; };
		2CA807BE1B217B21009AD7F2 /* AppState.swift in Sources */ = {isa = PBXBuildFile; fileRef = 2CA807BD1B217B21009AD7F2 /* AppState.swift */; };
		5F5A537E1ADE67D500F81DF0 /* AppDelegate.swift in Sources */ = {isa = PBXBuildFile; fileRef = 5F5A537D1ADE67D500F81DF0 /* AppDelegate.swift */; };
		5F5A53801ADE67D500F81DF0 /* FCViewController.swift in Sources */ = {isa = PBXBuildFile; fileRef = 5F5A537F1ADE67D500F81DF0 /* FCViewController.swift */; };
		6FDF4BD868B7B9999E94F890 /* Pods_FriendlyChatSwift.framework in Frameworks */ = {isa = PBXBuildFile; fileRef = C7D521C3E60EA0D6B337B073 /* Pods_FriendlyChatSwift.framework */; };
		F428CE261E26338A0016403C /* 12074327311562940906milker_X_icon.svg.hi.png in Resources */ = {isa = PBXBuildFile; fileRef = F428CE071E26338A0016403C /* 12074327311562940906milker_X_icon.svg.hi.png */; };
		F428CE271E26338A0016403C /* 5.png in Resources */ = {isa = PBXBuildFile; fileRef = F428CE081E26338A0016403C /* 5.png */; };
		F428CE281E26338A0016403C /* 8328875016_858296a355_o.jpg in Resources */ = {isa = PBXBuildFile; fileRef = F428CE091E26338A0016403C /* 8328875016_858296a355_o.jpg */; };
		F428CE291E26338A0016403C /* Albert.jpg in Resources */ = {isa = PBXBuildFile; fileRef = F428CE0A1E26338A0016403C /* Albert.jpg */; };
		F428CE2A1E26338A0016403C /* Book_icon_(white_on_black).svg.png in Resources */ = {isa = PBXBuildFile; fileRef = F428CE0B1E26338A0016403C /* Book_icon_(white_on_black).svg.png */; };
		F428CE2B1E26338A0016403C /* builder2.jpg in Resources */ = {isa = PBXBuildFile; fileRef = F428CE0C1E26338A0016403C /* builder2.jpg */; };
		F428CE2C1E26338A0016403C /* builder3.jpg in Resources */ = {isa = PBXBuildFile; fileRef = F428CE0D1E26338A0016403C /* builder3.jpg */; };
		F428CE2D1E26338A0016403C /* builder4.jpg in Resources */ = {isa = PBXBuildFile; fileRef = F428CE0E1E26338A0016403C /* builder4.jpg */; };
		F428CE2E1E26338A0016403C /* builder5.jpg in Resources */ = {isa = PBXBuildFile; fileRef = F428CE0F1E26338A0016403C /* builder5.jpg */; };
		F428CE2F1E26338A0016403C /* builder6.jpg in Resources */ = {isa = PBXBuildFile; fileRef = F428CE101E26338A0016403C /* builder6.jpg */; };
		F428CE301E26338A0016403C /* builder7.jpg in Resources */ = {isa = PBXBuildFile; fileRef = F428CE111E26338A0016403C /* builder7.jpg */; };
		F428CE311E26338A0016403C /* chat.png in Resources */ = {isa = PBXBuildFile; fileRef = F428CE121E26338A0016403C /* chat.png */; };
		F428CE321E26338A0016403C /* chat_circle.png in Resources */ = {isa = PBXBuildFile; fileRef = F428CE131E26338A0016403C /* chat_circle.png */; };
		F428CE331E26338A0016403C /* chatinput.png in Resources */ = {isa = PBXBuildFile; fileRef = F428CE141E26338A0016403C /* chatinput.png */; };
		F428CE341E26338A0016403C /* dT7eGEonc.png in Resources */ = {isa = PBXBuildFile; fileRef = F428CE151E26338A0016403C /* dT7eGEonc.png */; };
		F428CE351E26338A0016403C /* Flag-hover-reverse.png in Resources */ = {isa = PBXBuildFile; fileRef = F428CE161E26338A0016403C /* Flag-hover-reverse.png */; };
		F428CE361E26338A0016403C /* hat.png in Resources */ = {isa = PBXBuildFile; fileRef = F428CE171E26338A0016403C /* hat.png */; };
		F428CE371E26338A0016403C /* LaunchScreen.bmp in Resources */ = {isa = PBXBuildFile; fileRef = F428CE181E26338A0016403C /* LaunchScreen.bmp */; };
		F428CE381E26338A0016403C /* login_with_facebook.png in Resources */ = {isa = PBXBuildFile; fileRef = F428CE191E26338A0016403C /* login_with_facebook.png */; };
		F428CE391E26338A0016403C /* Mail.png in Resources */ = {isa = PBXBuildFile; fileRef = F428CE1A1E26338A0016403C /* Mail.png */; };
		F428CE3A1E26338A0016403C /* map.png in Resources */ = {isa = PBXBuildFile; fileRef = F428CE1B1E26338A0016403C /* map.png */; };
		F428CE3B1E26338A0016403C /* meru.png in Resources */ = {isa = PBXBuildFile; fileRef = F428CE1C1E26338A0016403C /* meru.png */; };
		F428CE3C1E26338A0016403C /* pink-heart-md.png in Resources */ = {isa = PBXBuildFile; fileRef = F428CE1D1E26338A0016403C /* pink-heart-md.png */; };
		F428CE3D1E26338A0016403C /* PixelKit_home_icon.png in Resources */ = {isa = PBXBuildFile; fileRef = F428CE1E1E26338A0016403C /* PixelKit_home_icon.png */; };
		F428CE3E1E26338A0016403C /* simple-grey-house-md.png in Resources */ = {isa = PBXBuildFile; fileRef = F428CE1F1E26338A0016403C /* simple-grey-house-md.png */; };
		F428CE3F1E26338A0016403C /* star_PNG1595.png in Resources */ = {isa = PBXBuildFile; fileRef = F428CE201E26338A0016403C /* star_PNG1595.png */; };
		F428CE401E26338A0016403C /* wifi.png in Resources */ = {isa = PBXBuildFile; fileRef = F428CE211E26338A0016403C /* wifi.png */; };
		F428CE411E26338A0016403C /* wifi.png.crdownload in Resources */ = {isa = PBXBuildFile; fileRef = F428CE221E26338A0016403C /* wifi.png.crdownload */; };
		F428CE421E26338A0016403C /* Wikidata_tie_mockup.png in Resources */ = {isa = PBXBuildFile; fileRef = F428CE231E26338A0016403C /* Wikidata_tie_mockup.png */; };
		F428CE431E26338A0016403C /* zonar grid.png in Resources */ = {isa = PBXBuildFile; fileRef = F428CE241E26338A0016403C /* zonar grid.png */; };
		F428CE441E26338A0016403C /* Zonar.png in Resources */ = {isa = PBXBuildFile; fileRef = F428CE251E26338A0016403C /* Zonar.png */; };
		F428CE461E2E4A330016403C /* GoogleService-Info.plist in Resources */ = {isa = PBXBuildFile; fileRef = F428CE451E2E4A330016403C /* GoogleService-Info.plist */; };
/* End PBXBuildFile section */

/* Begin PBXFileReference section */
		1037935F1BF4256400C88958 /* module.modulemap */ = {isa = PBXFileReference; lastKnownFileType = "sourcecode.module-map"; name = module.modulemap; path = Pods/Firebase/Headers/module.modulemap; sourceTree = "<group>"; };
		107960721C612531003DB6CC /* Base */ = {isa = PBXFileReference; lastKnownFileType = file.storyboard; name = Base; path = Base.lproj/Main.storyboard; sourceTree = "<group>"; };
		107960741C61253B003DB6CC /* Info.plist */ = {isa = PBXFileReference; fileEncoding = 4; lastKnownFileType = text.plist.xml; path = Info.plist; sourceTree = "<group>"; };
		10AF4CAF1DD236DE0096D192 /* logo1024.png */ = {isa = PBXFileReference; lastKnownFileType = image.png; path = logo1024.png; sourceTree = "<group>"; };
		10AF4CB01DD236DE0096D192 /* Bladefile */ = {isa = PBXFileReference; fileEncoding = 4; lastKnownFileType = text; path = Bladefile; sourceTree = "<group>"; };
		10AF4CB11DD236DE0096D192 /* Images.xcassets */ = {isa = PBXFileReference; lastKnownFileType = folder.assetcatalog; path = Images.xcassets; sourceTree = "<group>"; };
		10AF4CB21DD236DE0096D192 /* LaunchScreen.xib */ = {isa = PBXFileReference; fileEncoding = 4; lastKnownFileType = file.xib; path = LaunchScreen.xib; sourceTree = "<group>"; };
		110E49424C477479FB4833B9 /* Pods-FriendlyChatSwift.release.xcconfig */ = {isa = PBXFileReference; includeInIndex = 1; lastKnownFileType = text.xcconfig; name = "Pods-FriendlyChatSwift.release.xcconfig"; path = "Pods/Target Support Files/Pods-FriendlyChatSwift/Pods-FriendlyChatSwift.release.xcconfig"; sourceTree = "<group>"; };
		2C595F041B34B73A00355AE7 /* Constants.swift */ = {isa = PBXFileReference; fileEncoding = 4; lastKnownFileType = sourcecode.swift; path = Constants.swift; sourceTree = "<group>"; };
		2C8E6C2A1B16875B0073CE3D /* SignInViewController.swift */ = {isa = PBXFileReference; fileEncoding = 4; lastKnownFileType = sourcecode.swift; path = SignInViewController.swift; sourceTree = "<group>"; };
		2CA807BB1B21702E009AD7F2 /* MeasurementHelper.swift */ = {isa = PBXFileReference; fileEncoding = 4; lastKnownFileType = sourcecode.swift; path = MeasurementHelper.swift; sourceTree = "<group>"; };
		2CA807BD1B217B21009AD7F2 /* AppState.swift */ = {isa = PBXFileReference; fileEncoding = 4; lastKnownFileType = sourcecode.swift; path = AppState.swift; sourceTree = "<group>"; };
		5F5A53791ADE67D500F81DF0 /* Zonar.app */ = {isa = PBXFileReference; explicitFileType = wrapper.application; includeInIndex = 0; path = Zonar.app; sourceTree = BUILT_PRODUCTS_DIR; };
		5F5A537D1ADE67D500F81DF0 /* AppDelegate.swift */ = {isa = PBXFileReference; lastKnownFileType = sourcecode.swift; path = AppDelegate.swift; sourceTree = "<group>"; };
		5F5A537F1ADE67D500F81DF0 /* FCViewController.swift */ = {isa = PBXFileReference; lastKnownFileType = sourcecode.swift; path = FCViewController.swift; sourceTree = "<group>"; };
		C7D521C3E60EA0D6B337B073 /* Pods_FriendlyChatSwift.framework */ = {isa = PBXFileReference; explicitFileType = wrapper.framework; includeInIndex = 0; path = Pods_FriendlyChatSwift.framework; sourceTree = BUILT_PRODUCTS_DIR; };
		F428CE071E26338A0016403C /* 12074327311562940906milker_X_icon.svg.hi.png */ = {isa = PBXFileReference; lastKnownFileType = image.png; path = 12074327311562940906milker_X_icon.svg.hi.png; sourceTree = "<group>"; };
		F428CE081E26338A0016403C /* 5.png */ = {isa = PBXFileReference; lastKnownFileType = image.png; path = 5.png; sourceTree = "<group>"; };
		F428CE091E26338A0016403C /* 8328875016_858296a355_o.jpg */ = {isa = PBXFileReference; lastKnownFileType = image.jpeg; path = 8328875016_858296a355_o.jpg; sourceTree = "<group>"; };
		F428CE0A1E26338A0016403C /* Albert.jpg */ = {isa = PBXFileReference; lastKnownFileType = image.jpeg; path = Albert.jpg; sourceTree = "<group>"; };
		F428CE0B1E26338A0016403C /* Book_icon_(white_on_black).svg.png */ = {isa = PBXFileReference; lastKnownFileType = image.png; path = "Book_icon_(white_on_black).svg.png"; sourceTree = "<group>"; };
		F428CE0C1E26338A0016403C /* builder2.jpg */ = {isa = PBXFileReference; lastKnownFileType = image.jpeg; path = builder2.jpg; sourceTree = "<group>"; };
		F428CE0D1E26338A0016403C /* builder3.jpg */ = {isa = PBXFileReference; lastKnownFileType = image.jpeg; path = builder3.jpg; sourceTree = "<group>"; };
		F428CE0E1E26338A0016403C /* builder4.jpg */ = {isa = PBXFileReference; lastKnownFileType = image.jpeg; path = builder4.jpg; sourceTree = "<group>"; };
		F428CE0F1E26338A0016403C /* builder5.jpg */ = {isa = PBXFileReference; lastKnownFileType = image.jpeg; path = builder5.jpg; sourceTree = "<group>"; };
		F428CE101E26338A0016403C /* builder6.jpg */ = {isa = PBXFileReference; lastKnownFileType = image.jpeg; path = builder6.jpg; sourceTree = "<group>"; };
		F428CE111E26338A0016403C /* builder7.jpg */ = {isa = PBXFileReference; lastKnownFileType = image.jpeg; path = builder7.jpg; sourceTree = "<group>"; };
		F428CE121E26338A0016403C /* chat.png */ = {isa = PBXFileReference; lastKnownFileType = image.png; path = chat.png; sourceTree = "<group>"; };
		F428CE131E26338A0016403C /* chat_circle.png */ = {isa = PBXFileReference; lastKnownFileType = image.png; path = chat_circle.png; sourceTree = "<group>"; };
		F428CE141E26338A0016403C /* chatinput.png */ = {isa = PBXFileReference; lastKnownFileType = image.png; path = chatinput.png; sourceTree = "<group>"; };
		F428CE151E26338A0016403C /* dT7eGEonc.png */ = {isa = PBXFileReference; lastKnownFileType = image.png; path = dT7eGEonc.png; sourceTree = "<group>"; };
		F428CE161E26338A0016403C /* Flag-hover-reverse.png */ = {isa = PBXFileReference; lastKnownFileType = image.png; path = "Flag-hover-reverse.png"; sourceTree = "<group>"; };
		F428CE171E26338A0016403C /* hat.png */ = {isa = PBXFileReference; lastKnownFileType = image.png; path = hat.png; sourceTree = "<group>"; };
		F428CE181E26338A0016403C /* LaunchScreen.bmp */ = {isa = PBXFileReference; lastKnownFileType = image.bmp; path = LaunchScreen.bmp; sourceTree = "<group>"; };
		F428CE191E26338A0016403C /* login_with_facebook.png */ = {isa = PBXFileReference; lastKnownFileType = image.png; path = login_with_facebook.png; sourceTree = "<group>"; };
		F428CE1A1E26338A0016403C /* Mail.png */ = {isa = PBXFileReference; lastKnownFileType = image.png; path = Mail.png; sourceTree = "<group>"; };
		F428CE1B1E26338A0016403C /* map.png */ = {isa = PBXFileReference; lastKnownFileType = image.png; path = map.png; sourceTree = "<group>"; };
		F428CE1C1E26338A0016403C /* meru.png */ = {isa = PBXFileReference; lastKnownFileType = image.png; path = meru.png; sourceTree = "<group>"; };
		F428CE1D1E26338A0016403C /* pink-heart-md.png */ = {isa = PBXFileReference; lastKnownFileType = image.png; path = "pink-heart-md.png"; sourceTree = "<group>"; };
		F428CE1E1E26338A0016403C /* PixelKit_home_icon.png */ = {isa = PBXFileReference; lastKnownFileType = image.png; path = PixelKit_home_icon.png; sourceTree = "<group>"; };
		F428CE1F1E26338A0016403C /* simple-grey-house-md.png */ = {isa = PBXFileReference; lastKnownFileType = image.png; path = "simple-grey-house-md.png"; sourceTree = "<group>"; };
		F428CE201E26338A0016403C /* star_PNG1595.png */ = {isa = PBXFileReference; lastKnownFileType = image.png; path = star_PNG1595.png; sourceTree = "<group>"; };
		F428CE211E26338A0016403C /* wifi.png */ = {isa = PBXFileReference; lastKnownFileType = image.png; path = wifi.png; sourceTree = "<group>"; };
		F428CE221E26338A0016403C /* wifi.png.crdownload */ = {isa = PBXFileReference; fileEncoding = 4; lastKnownFileType = text; path = wifi.png.crdownload; sourceTree = "<group>"; };
		F428CE231E26338A0016403C /* Wikidata_tie_mockup.png */ = {isa = PBXFileReference; lastKnownFileType = image.png; path = Wikidata_tie_mockup.png; sourceTree = "<group>"; };
		F428CE241E26338A0016403C /* zonar grid.png */ = {isa = PBXFileReference; lastKnownFileType = image.png; path = "zonar grid.png"; sourceTree = "<group>"; };
		F428CE251E26338A0016403C /* Zonar.png */ = {isa = PBXFileReference; lastKnownFileType = image.png; path = Zonar.png; sourceTree = "<group>"; };
		F428CE451E2E4A330016403C /* GoogleService-Info.plist */ = {isa = PBXFileReference; fileEncoding = 4; lastKnownFileType = text.plist.xml; path = "GoogleService-Info.plist"; sourceTree = "<group>"; };
		FE438AC4EBDFEE02FA160608 /* Pods-FriendlyChatSwift.debug.xcconfig */ = {isa = PBXFileReference; includeInIndex = 1; lastKnownFileType = text.xcconfig; name = "Pods-FriendlyChatSwift.debug.xcconfig"; path = "Pods/Target Support Files/Pods-FriendlyChatSwift/Pods-FriendlyChatSwift.debug.xcconfig"; sourceTree = "<group>"; };
/* End PBXFileReference section */

/* Begin PBXFrameworksBuildPhase section */
		5F5A53761ADE67D500F81DF0 /* Frameworks */ = {
			isa = PBXFrameworksBuildPhase;
			buildActionMask = 2147483647;
			files = (
				6FDF4BD868B7B9999E94F890 /* Pods_FriendlyChatSwift.framework in Frameworks */,
			);
			runOnlyForDeploymentPostprocessing = 0;
		};
/* End PBXFrameworksBuildPhase section */

/* Begin PBXGroup section */
		08A1AC7D1C93555D5967680F /* Pods */ = {
			isa = PBXGroup;
			children = (
				FE438AC4EBDFEE02FA160608 /* Pods-FriendlyChatSwift.debug.xcconfig */,
				110E49424C477479FB4833B9 /* Pods-FriendlyChatSwift.release.xcconfig */,
			);
			name = Pods;
			sourceTree = "<group>";
		};
		10AF4CAD1DD236DE0096D192 /* shared */ = {
			isa = PBXGroup;
			children = (
				10AF4CAE1DD236DE0096D192 /* assets */,
				10AF4CB01DD236DE0096D192 /* Bladefile */,
				10AF4CB11DD236DE0096D192 /* Images.xcassets */,
				10AF4CB21DD236DE0096D192 /* LaunchScreen.xib */,
			);
			path = shared;
			sourceTree = "<group>";
		};
		10AF4CAE1DD236DE0096D192 /* assets */ = {
			isa = PBXGroup;
			children = (
				10AF4CAF1DD236DE0096D192 /* logo1024.png */,
			);
			path = assets;
			sourceTree = "<group>";
		};
		5F5A53431ADE670C00F81DF0 = {
			isa = PBXGroup;
			children = (
				F428CE451E2E4A330016403C /* GoogleService-Info.plist */,
				F428CE061E26338A0016403C /* images */,
				10AF4CAD1DD236DE0096D192 /* shared */,
				5F5A537A1ADE67D500F81DF0 /* Zonar */,
				5F5A534D1ADE670C00F81DF0 /* Products */,
				AD1F1C80A93A096F652504F5 /* Frameworks */,
				08A1AC7D1C93555D5967680F /* Pods */,
			);
			sourceTree = "<group>";
		};
		5F5A534D1ADE670C00F81DF0 /* Products */ = {
			isa = PBXGroup;
			children = (
				5F5A53791ADE67D500F81DF0 /* Zonar.app */,
			);
			name = Products;
			sourceTree = "<group>";
		};
		5F5A537A1ADE67D500F81DF0 /* Zonar */ = {
			isa = PBXGroup;
			children = (
				5F5A537D1ADE67D500F81DF0 /* AppDelegate.swift */,
				5F5A537F1ADE67D500F81DF0 /* FCViewController.swift */,
				2CA807BB1B21702E009AD7F2 /* MeasurementHelper.swift */,
				2C8E6C2A1B16875B0073CE3D /* SignInViewController.swift */,
				2CA807BD1B217B21009AD7F2 /* AppState.swift */,
				2C595F041B34B73A00355AE7 /* Constants.swift */,
				5F5A537B1ADE67D500F81DF0 /* Supporting Files */,
			);
			name = Zonar;
			path = FriendlyChatSwift;
			sourceTree = "<group>";
		};
		5F5A537B1ADE67D500F81DF0 /* Supporting Files */ = {
			isa = PBXGroup;
			children = (
				107960711C612531003DB6CC /* Main.storyboard */,
				107960741C61253B003DB6CC /* Info.plist */,
			);
			name = "Supporting Files";
			sourceTree = "<group>";
		};
		AD1F1C80A93A096F652504F5 /* Frameworks */ = {
			isa = PBXGroup;
			children = (
				1037935F1BF4256400C88958 /* module.modulemap */,
				C7D521C3E60EA0D6B337B073 /* Pods_FriendlyChatSwift.framework */,
			);
			name = Frameworks;
			sourceTree = "<group>";
		};
		F428CE061E26338A0016403C /* images */ = {
			isa = PBXGroup;
			children = (
				F428CE071E26338A0016403C /* 12074327311562940906milker_X_icon.svg.hi.png */,
				F428CE081E26338A0016403C /* 5.png */,
				F428CE091E26338A0016403C /* 8328875016_858296a355_o.jpg */,
				F428CE0A1E26338A0016403C /* Albert.jpg */,
				F428CE0B1E26338A0016403C /* Book_icon_(white_on_black).svg.png */,
				F428CE0C1E26338A0016403C /* builder2.jpg */,
				F428CE0D1E26338A0016403C /* builder3.jpg */,
				F428CE0E1E26338A0016403C /* builder4.jpg */,
				F428CE0F1E26338A0016403C /* builder5.jpg */,
				F428CE101E26338A0016403C /* builder6.jpg */,
				F428CE111E26338A0016403C /* builder7.jpg */,
				F428CE121E26338A0016403C /* chat.png */,
				F428CE131E26338A0016403C /* chat_circle.png */,
				F428CE141E26338A0016403C /* chatinput.png */,
				F428CE151E26338A0016403C /* dT7eGEonc.png */,
				F428CE161E26338A0016403C /* Flag-hover-reverse.png */,
				F428CE171E26338A0016403C /* hat.png */,
				F428CE181E26338A0016403C /* LaunchScreen.bmp */,
				F428CE191E26338A0016403C /* login_with_facebook.png */,
				F428CE1A1E26338A0016403C /* Mail.png */,
				F428CE1B1E26338A0016403C /* map.png */,
				F428CE1C1E26338A0016403C /* meru.png */,
				F428CE1D1E26338A0016403C /* pink-heart-md.png */,
				F428CE1E1E26338A0016403C /* PixelKit_home_icon.png */,
				F428CE1F1E26338A0016403C /* simple-grey-house-md.png */,
				F428CE201E26338A0016403C /* star_PNG1595.png */,
				F428CE211E26338A0016403C /* wifi.png */,
				F428CE221E26338A0016403C /* wifi.png.crdownload */,
				F428CE231E26338A0016403C /* Wikidata_tie_mockup.png */,
				F428CE241E26338A0016403C /* zonar grid.png */,
				F428CE251E26338A0016403C /* Zonar.png */,
			);
			name = images;
			path = FriendlyChatSwift/images;
			sourceTree = "<group>";
		};
/* End PBXGroup section */

/* Begin PBXNativeTarget section */
		5F5A53781ADE67D500F81DF0 /* Zonar */ = {
			isa = PBXNativeTarget;
			buildConfigurationList = 5F5A53991ADE67D500F81DF0 /* Build configuration list for PBXNativeTarget "Zonar" */;
			buildPhases = (
				B7C054BDF3C0E40C2CB2BA7C /* [CP] Check Pods Manifest.lock */,
				5F5A53751ADE67D500F81DF0 /* Sources */,
				5F5A53761ADE67D500F81DF0 /* Frameworks */,
				5F5A53771ADE67D500F81DF0 /* Resources */,
				0C2E700D59D4FF1422D517AC /* [CP] Embed Pods Frameworks */,
				942519E5D1C6AF21A7357473 /* [CP] Copy Pods Resources */,
			);
			buildRules = (
			);
			dependencies = (
			);
			name = Zonar;
			productName = FriendlyPingSwift;
			productReference = 5F5A53791ADE67D500F81DF0 /* Zonar.app */;
			productType = "com.apple.product-type.application";
		};
/* End PBXNativeTarget section */

/* Begin PBXProject section */
		5F5A53441ADE670C00F81DF0 /* Project object */ = {
			isa = PBXProject;
			attributes = {
				LastSwiftUpdateCheck = 0710;
				LastUpgradeCheck = 0800;
				ORGANIZATIONNAME = "Google Inc.";
				TargetAttributes = {
					5F5A53781ADE67D500F81DF0 = {
						CreatedOnToolsVersion = 6.3;
						DevelopmentTeam = MF8UX92P4L;
						LastSwiftMigration = 0800;
						SystemCapabilities = {
							com.apple.BackgroundModes = {
								enabled = 1;
							};
						};
					};
				};
			};
			buildConfigurationList = 5F5A53471ADE670C00F81DF0 /* Build configuration list for PBXProject "Zonar" */;
			compatibilityVersion = "Xcode 3.2";
			developmentRegion = English;
			hasScannedForEncodings = 0;
			knownRegions = (
				en,
				Base,
			);
			mainGroup = 5F5A53431ADE670C00F81DF0;
			productRefGroup = 5F5A534D1ADE670C00F81DF0 /* Products */;
			projectDirPath = "";
			projectRoot = "";
			targets = (
				5F5A53781ADE67D500F81DF0 /* Zonar */,
			);
		};
/* End PBXProject section */

/* Begin PBXResourcesBuildPhase section */
		5F5A53771ADE67D500F81DF0 /* Resources */ = {
			isa = PBXResourcesBuildPhase;
			buildActionMask = 2147483647;
			files = (
				F428CE3B1E26338A0016403C /* meru.png in Resources */,
				F428CE3A1E26338A0016403C /* map.png in Resources */,
				F428CE421E26338A0016403C /* Wikidata_tie_mockup.png in Resources */,
				F428CE3C1E26338A0016403C /* pink-heart-md.png in Resources */,
				F428CE361E26338A0016403C /* hat.png in Resources */,
				F428CE2B1E26338A0016403C /* builder2.jpg in Resources */,
				F428CE461E2E4A330016403C /* GoogleService-Info.plist in Resources */,
				F428CE351E26338A0016403C /* Flag-hover-reverse.png in Resources */,
				F428CE321E26338A0016403C /* chat_circle.png in Resources */,
				F428CE2C1E26338A0016403C /* builder3.jpg in Resources */,
				F428CE401E26338A0016403C /* wifi.png in Resources */,
				F428CE2D1E26338A0016403C /* builder4.jpg in Resources */,
				10AF4CB61DD236DE0096D192 /* LaunchScreen.xib in Resources */,
				F428CE341E26338A0016403C /* dT7eGEonc.png in Resources */,
				10AF4CB41DD236DE0096D192 /* Bladefile in Resources */,
				F428CE381E26338A0016403C /* login_with_facebook.png in Resources */,
				F428CE411E26338A0016403C /* wifi.png.crdownload in Resources */,
				10AF4CB51DD236DE0096D192 /* Images.xcassets in Resources */,
				F428CE291E26338A0016403C /* Albert.jpg in Resources */,
				F428CE261E26338A0016403C /* 12074327311562940906milker_X_icon.svg.hi.png in Resources */,
				F428CE2F1E26338A0016403C /* builder6.jpg in Resources */,
				F428CE281E26338A0016403C /* 8328875016_858296a355_o.jpg in Resources */,
				107960731C612531003DB6CC /* Main.storyboard in Resources */,
				F428CE391E26338A0016403C /* Mail.png in Resources */,
				F428CE311E26338A0016403C /* chat.png in Resources */,
				F428CE3F1E26338A0016403C /* star_PNG1595.png in Resources */,
				F428CE3D1E26338A0016403C /* PixelKit_home_icon.png in Resources */,
				F428CE371E26338A0016403C /* LaunchScreen.bmp in Resources */,
				F428CE271E26338A0016403C /* 5.png in Resources */,
				10AF4CB31DD236DE0096D192 /* logo1024.png in Resources */,
				F428CE301E26338A0016403C /* builder7.jpg in Resources */,
				F428CE3E1E26338A0016403C /* simple-grey-house-md.png in Resources */,
				F428CE331E26338A0016403C /* chatinput.png in Resources */,
				F428CE2E1E26338A0016403C /* builder5.jpg in Resources */,
				F428CE431E26338A0016403C /* zonar grid.png in Resources */,
				F428CE2A1E26338A0016403C /* Book_icon_(white_on_black).svg.png in Resources */,
				F428CE441E26338A0016403C /* Zonar.png in Resources */,
			);
			runOnlyForDeploymentPostprocessing = 0;
		};
/* End PBXResourcesBuildPhase section */

/* Begin PBXShellScriptBuildPhase section */
		0C2E700D59D4FF1422D517AC /* [CP] Embed Pods Frameworks */ = {
			isa = PBXShellScriptBuildPhase;
			buildActionMask = 2147483647;
			files = (
			);
			inputPaths = (
			);
			name = "[CP] Embed Pods Frameworks";
			outputPaths = (
			);
			runOnlyForDeploymentPostprocessing = 0;
			shellPath = /bin/sh;
			shellScript = "\"${SRCROOT}/Pods/Target Support Files/Pods-FriendlyChatSwift/Pods-FriendlyChatSwift-frameworks.sh\"\n";
			showEnvVarsInLog = 0;
		};
		942519E5D1C6AF21A7357473 /* [CP] Copy Pods Resources */ = {
			isa = PBXShellScriptBuildPhase;
			buildActionMask = 2147483647;
			files = (
			);
			inputPaths = (
			);
			name = "[CP] Copy Pods Resources";
			outputPaths = (
			);
			runOnlyForDeploymentPostprocessing = 0;
			shellPath = /bin/sh;
			shellScript = "\"${SRCROOT}/Pods/Target Support Files/Pods-FriendlyChatSwift/Pods-FriendlyChatSwift-resources.sh\"\n";
			showEnvVarsInLog = 0;
		};
		B7C054BDF3C0E40C2CB2BA7C /* [CP] Check Pods Manifest.lock */ = {
			isa = PBXShellScriptBuildPhase;
			buildActionMask = 2147483647;
			files = (
			);
			inputPaths = (
			);
			name = "[CP] Check Pods Manifest.lock";
			outputPaths = (
			);
			runOnlyForDeploymentPostprocessing = 0;
			shellPath = /bin/sh;
			shellScript = "diff \"${PODS_ROOT}/../Podfile.lock\" \"${PODS_ROOT}/Manifest.lock\" > /dev/null\nif [[ $? != 0 ]] ; then\n    cat << EOM\nerror: The sandbox is not in sync with the Podfile.lock. Run 'pod install' or update your CocoaPods installation.\nEOM\n    exit 1\nfi\n";
			showEnvVarsInLog = 0;
		};
/* End PBXShellScriptBuildPhase section */

/* Begin PBXSourcesBuildPhase section */
		5F5A53751ADE67D500F81DF0 /* Sources */ = {
			isa = PBXSourcesBuildPhase;
			buildActionMask = 2147483647;
			files = (
				2C8E6C2B1B16875B0073CE3D /* SignInViewController.swift in Sources */,
				2CA807BE1B217B21009AD7F2 /* AppState.swift in Sources */,
				5F5A53801ADE67D500F81DF0 /* FCViewController.swift in Sources */,
				5F5A537E1ADE67D500F81DF0 /* AppDelegate.swift in Sources */,
				2CA807BC1B21702E009AD7F2 /* MeasurementHelper.swift in Sources */,
				2C595F061B34B73A00355AE7 /* Constants.swift in Sources */,
			);
			runOnlyForDeploymentPostprocessing = 0;
		};
/* End PBXSourcesBuildPhase section */

/* Begin PBXVariantGroup section */
		107960711C612531003DB6CC /* Main.storyboard */ = {
			isa = PBXVariantGroup;
			children = (
				107960721C612531003DB6CC /* Base */,
			);
			name = Main.storyboard;
			sourceTree = "<group>";
		};
/* End PBXVariantGroup section */

/* Begin XCBuildConfiguration section */
		5F5A536D1ADE670C00F81DF0 /* Debug */ = {
			isa = XCBuildConfiguration;
			buildSettings = {
				ALWAYS_SEARCH_USER_PATHS = NO;
				CLANG_CXX_LANGUAGE_STANDARD = "gnu++0x";
				CLANG_CXX_LIBRARY = "libc++";
				CLANG_ENABLE_MODULES = YES;
				CLANG_ENABLE_OBJC_ARC = YES;
				CLANG_WARN_BOOL_CONVERSION = YES;
				CLANG_WARN_CONSTANT_CONVERSION = YES;
				CLANG_WARN_DIRECT_OBJC_ISA_USAGE = YES_ERROR;
				CLANG_WARN_EMPTY_BODY = YES;
				CLANG_WARN_ENUM_CONVERSION = YES;
				CLANG_WARN_INFINITE_RECURSION = YES;
				CLANG_WARN_INT_CONVERSION = YES;
				CLANG_WARN_OBJC_ROOT_CLASS = YES_ERROR;
				CLANG_WARN_SUSPICIOUS_MOVE = YES;
				CLANG_WARN_UNREACHABLE_CODE = YES;
				CLANG_WARN__DUPLICATE_METHOD_MATCH = YES;
				CODE_SIGN_IDENTITY = "iPhone Developer: Google Development (3F4Y5873JF)";
				"CODE_SIGN_IDENTITY[sdk=iphoneos*]" = "iPhone Developer: Google Development (3F4Y5873JF)";
				COPY_PHASE_STRIP = NO;
				ENABLE_STRICT_OBJC_MSGSEND = YES;
				ENABLE_TESTABILITY = YES;
				GCC_C_LANGUAGE_STANDARD = gnu99;
				GCC_DYNAMIC_NO_PIC = NO;
				GCC_NO_COMMON_BLOCKS = YES;
				GCC_OPTIMIZATION_LEVEL = 0;
				GCC_PREPROCESSOR_DEFINITIONS = (
					"DEBUG=1",
					"$(inherited)",
				);
				GCC_SYMBOLS_PRIVATE_EXTERN = NO;
				GCC_WARN_64_TO_32_BIT_CONVERSION = YES;
				GCC_WARN_ABOUT_RETURN_TYPE = YES_ERROR;
				GCC_WARN_UNDECLARED_SELECTOR = YES;
				GCC_WARN_UNINITIALIZED_AUTOS = YES_AGGRESSIVE;
				GCC_WARN_UNUSED_FUNCTION = YES;
				GCC_WARN_UNUSED_VARIABLE = YES;
				IPHONEOS_DEPLOYMENT_TARGET = 9.3;
				MTL_ENABLE_DEBUG_INFO = YES;
				ONLY_ACTIVE_ARCH = YES;
				PROVISIONING_PROFILE = "65c2088b-2425-4961-b6d5-0256d4790678";
				SDKROOT = iphoneos;
				SWIFT_OPTIMIZATION_LEVEL = "-Onone";
				TARGETED_DEVICE_FAMILY = "1,2";
			};
			name = Debug;
		};
		5F5A536E1ADE670C00F81DF0 /* Release */ = {
			isa = XCBuildConfiguration;
			buildSettings = {
				ALWAYS_SEARCH_USER_PATHS = NO;
				CLANG_CXX_LANGUAGE_STANDARD = "gnu++0x";
				CLANG_CXX_LIBRARY = "libc++";
				CLANG_ENABLE_MODULES = YES;
				CLANG_ENABLE_OBJC_ARC = YES;
				CLANG_WARN_BOOL_CONVERSION = YES;
				CLANG_WARN_CONSTANT_CONVERSION = YES;
				CLANG_WARN_DIRECT_OBJC_ISA_USAGE = YES_ERROR;
				CLANG_WARN_EMPTY_BODY = YES;
				CLANG_WARN_ENUM_CONVERSION = YES;
				CLANG_WARN_INFINITE_RECURSION = YES;
				CLANG_WARN_INT_CONVERSION = YES;
				CLANG_WARN_OBJC_ROOT_CLASS = YES_ERROR;
				CLANG_WARN_SUSPICIOUS_MOVE = YES;
				CLANG_WARN_UNREACHABLE_CODE = YES;
				CLANG_WARN__DUPLICATE_METHOD_MATCH = YES;
				CODE_SIGN_IDENTITY = "iPhone Developer: Google Development (3F4Y5873JF)";
				"CODE_SIGN_IDENTITY[sdk=iphoneos*]" = "iPhone Developer: Google Development (3F4Y5873JF)";
				COPY_PHASE_STRIP = YES;
				ENABLE_NS_ASSERTIONS = NO;
				ENABLE_STRICT_OBJC_MSGSEND = YES;
				GCC_C_LANGUAGE_STANDARD = gnu99;
				GCC_NO_COMMON_BLOCKS = YES;
				GCC_WARN_64_TO_32_BIT_CONVERSION = YES;
				GCC_WARN_ABOUT_RETURN_TYPE = YES_ERROR;
				GCC_WARN_UNDECLARED_SELECTOR = YES;
				GCC_WARN_UNINITIALIZED_AUTOS = YES_AGGRESSIVE;
				GCC_WARN_UNUSED_FUNCTION = YES;
				GCC_WARN_UNUSED_VARIABLE = YES;
				IPHONEOS_DEPLOYMENT_TARGET = 9.3;
				MTL_ENABLE_DEBUG_INFO = NO;
				PROVISIONING_PROFILE = "65c2088b-2425-4961-b6d5-0256d4790678";
				SDKROOT = iphoneos;
				SWIFT_OPTIMIZATION_LEVEL = "-Owholemodule";
				TARGETED_DEVICE_FAMILY = "1,2";
				VALIDATE_PRODUCT = YES;
			};
			name = Release;
		};
		5F5A53951ADE67D500F81DF0 /* Debug */ = {
			isa = XCBuildConfiguration;
			baseConfigurationReference = FE438AC4EBDFEE02FA160608 /* Pods-FriendlyChatSwift.debug.xcconfig */;
			buildSettings = {
				ASSETCATALOG_COMPILER_APPICON_NAME = AppIcon;
				ASSETCATALOG_COMPILER_LAUNCHIMAGE_NAME = LaunchImage;
				CODE_SIGN_IDENTITY = "iPhone Developer";
				"CODE_SIGN_IDENTITY[sdk=iphoneos*]" = "iPhone Developer";
				DEVELOPMENT_TEAM = MF8UX92P4L;
				ENABLE_BITCODE = NO;
				INFOPLIST_FILE = "$(SRCROOT)/FriendlyChatSwift/Info.plist";
				IPHONEOS_DEPLOYMENT_TARGET = 9.3;
				LD_RUNPATH_SEARCH_PATHS = "$(inherited) @executable_path/Frameworks";
				PRODUCT_BUNDLE_IDENTIFIER = com.mangoSteam.Zonar;
				PRODUCT_NAME = Zonar;
				PROVISIONING_PROFILE = "";
				SWIFT_INSTALL_OBJC_HEADER = YES;
				SWIFT_VERSION = 3.0;
				TARGETED_DEVICE_FAMILY = 1;
			};
			name = Debug;
		};
		5F5A53961ADE67D500F81DF0 /* Release */ = {
			isa = XCBuildConfiguration;
			baseConfigurationReference = 110E49424C477479FB4833B9 /* Pods-FriendlyChatSwift.release.xcconfig */;
			buildSettings = {
				ASSETCATALOG_COMPILER_APPICON_NAME = AppIcon;
				ASSETCATALOG_COMPILER_LAUNCHIMAGE_NAME = LaunchImage;
				CODE_SIGN_IDENTITY = "iPhone Developer";
				"CODE_SIGN_IDENTITY[sdk=iphoneos*]" = "iPhone Developer";
				DEVELOPMENT_TEAM = MF8UX92P4L;
				ENABLE_BITCODE = NO;
				INFOPLIST_FILE = "$(SRCROOT)/FriendlyChatSwift/Info.plist";
				IPHONEOS_DEPLOYMENT_TARGET = 9.3;
				LD_RUNPATH_SEARCH_PATHS = "$(inherited) @executable_path/Frameworks";
				PRODUCT_BUNDLE_IDENTIFIER = com.mangoSteam.Zonar;
				PRODUCT_NAME = Zonar;
				PROVISIONING_PROFILE = "";
				SWIFT_INSTALL_OBJC_HEADER = YES;
				SWIFT_VERSION = 3.0;
				TARGETED_DEVICE_FAMILY = 1;
			};
			name = Release;
		};
/* End XCBuildConfiguration section */

/* Begin XCConfigurationList section */
		5F5A53471ADE670C00F81DF0 /* Build configuration list for PBXProject "Zonar" */ = {
			isa = XCConfigurationList;
			buildConfigurations = (
				5F5A536D1ADE670C00F81DF0 /* Debug */,
				5F5A536E1ADE670C00F81DF0 /* Release */,
			);
			defaultConfigurationIsVisible = 0;
			defaultConfigurationName = Release;
		};
		5F5A53991ADE67D500F81DF0 /* Build configuration list for PBXNativeTarget "Zonar" */ = {
			isa = XCConfigurationList;
			buildConfigurations = (
				5F5A53951ADE67D500F81DF0 /* Debug */,
				5F5A53961ADE67D500F81DF0 /* Release */,
			);
			defaultConfigurationIsVisible = 0;
			defaultConfigurationName = Release;
		};
/* End XCConfigurationList section */
	};
	rootObject = 5F5A53441ADE670C00F81DF0 /* Project object */;
}
